
Microsoft Visual Studio Solution File, Format Version 12.00
# Visual Studio Version 17
VisualStudioVersion = 17.8.34601.278
MinimumVisualStudioVersion = 10.0.40219.1
Project("{FAE04EC0-301F-11D3-BF4B-00C04F79EFBC}") = "Exercise #5 - Working with LINQ Method Syntax", "Exercise #5 - Working with LINQ Method Syntax\Exercise #5 - Working with LINQ Method Syntax.csproj", "{9E467857-7CF1-406D-8303-74E6A452FD14}"
EndProject
Global
	GlobalSection(SolutionConfigurationPlatforms) = preSolution
		Debug|Any CPU = Debug|Any CPU
		Release|Any CPU = Release|Any CPU
	EndGlobalSection
	GlobalSection(ProjectConfigurationPlatforms) = postSolution
		{9E467857-7CF1-406D-8303-74E6A452FD14}.Debug|Any CPU.ActiveCfg = Debug|Any CPU
		{9E467857-7CF1-406D-8303-74E6A452FD14}.Debug|Any CPU.Build.0 = Debug|Any CPU
		{9E467857-7CF1-406D-8303-74E6A452FD14}.Release|Any CPU.ActiveCfg = Release|Any CPU
		{9E467857-7CF1-406D-8303-74E6A452FD14}.Release|Any CPU.Build.0 = Release|Any CPU
	EndGlobalSection
	GlobalSection(SolutionProperties) = preSolution
		HideSolutionNode = FALSE
	EndGlobalSection
	GlobalSection(ExtensibilityGlobals) = postSolution
		SolutionGuid = {C182EB9A-73CD-4749-8E2F-EF93516A3492}
	EndGlobalSection
EndGlobal
